
Microsoft Visual Studio Solution File, Format Version 12.00
# Visual Studio Version 17
VisualStudioVersion = 17.12.35527.113
MinimumVisualStudioVersion = 10.0.40219.1
Project("{2150E333-8FDC-42A3-9474-1A3956D46DE8}") = "src", "src", "{198C6B58-2339-4251-8D62-2E21DA11FCEF}"
EndProject
Project("{FAE04EC0-301F-11D3-BF4B-00C04F79EFBC}") = "BankingAPI.API", "BankingAPI.API\BankingAPI.API.csproj", "{4A9D5EAE-864B-465B-A494-60677BCE6691}"
EndProject
Project("{FAE04EC0-301F-11D3-BF4B-00C04F79EFBC}") = "BankingAPI.Domain", "BankingAPI.Domain\BankingAPI.Domain.csproj", "{057CE23D-D6C3-48A7-A35C-3A824A1D4564}"
EndProject
Project("{FAE04EC0-301F-11D3-BF4B-00C04F79EFBC}") = "BankingAPI.Application", "BankingAPI.Application\BankingAPI.Application.csproj", "{D6FF3CE2-36D8-4CC4-9B24-A99FF17DD842}"
EndProject
Project("{FAE04EC0-301F-11D3-BF4B-00C04F79EFBC}") = "BankingAPI.Infrastructure", "BankingAPI.Infrastructure\BankingAPI.Infrastructure.csproj", "{BFF5979D-80F9-493A-B3CF-53CD0FBFAEFD}"
EndProject
Project("{2150E333-8FDC-42A3-9474-1A3956D46DE8}") = "API", "API", "{C1A3419C-7296-4A5A-9A56-D78BA79092BE}"
EndProject
Project("{2150E333-8FDC-42A3-9474-1A3956D46DE8}") = "Core", "Core", "{1623C5E3-E0B5-46C9-9B99-01C82E1BF728}"
EndProject
Project("{2150E333-8FDC-42A3-9474-1A3956D46DE8}") = "Infrastructure", "Infrastructure", "{DF75EC2A-CB51-4149-B423-89EBFC921C31}"
EndProject
Project("{FAE04EC0-301F-11D3-BF4B-00C04F79EFBC}") = "BankingAPI.Identity", "BankingAPI.Identity\BankingAPI.Identity.csproj", "{C1D5FB63-7179-44E9-A92E-9ED63F38F7BF}"
EndProject
Global
	GlobalSection(SolutionConfigurationPlatforms) = preSolution
		Debug|Any CPU = Debug|Any CPU
		Release|Any CPU = Release|Any CPU
	EndGlobalSection
	GlobalSection(ProjectConfigurationPlatforms) = postSolution
		{4A9D5EAE-864B-465B-A494-60677BCE6691}.Debug|Any CPU.ActiveCfg = Debug|Any CPU
		{4A9D5EAE-864B-465B-A494-60677BCE6691}.Debug|Any CPU.Build.0 = Debug|Any CPU
		{4A9D5EAE-864B-465B-A494-60677BCE6691}.Release|Any CPU.ActiveCfg = Release|Any CPU
		{4A9D5EAE-864B-465B-A494-60677BCE6691}.Release|Any CPU.Build.0 = Release|Any CPU
		{057CE23D-D6C3-48A7-A35C-3A824A1D4564}.Debug|Any CPU.ActiveCfg = Debug|Any CPU
		{057CE23D-D6C3-48A7-A35C-3A824A1D4564}.Debug|Any CPU.Build.0 = Debug|Any CPU
		{057CE23D-D6C3-48A7-A35C-3A824A1D4564}.Release|Any CPU.ActiveCfg = Release|Any CPU
		{057CE23D-D6C3-48A7-A35C-3A824A1D4564}.Release|Any CPU.Build.0 = Release|Any CPU
		{D6FF3CE2-36D8-4CC4-9B24-A99FF17DD842}.Debug|Any CPU.ActiveCfg = Debug|Any CPU
		{D6FF3CE2-36D8-4CC4-9B24-A99FF17DD842}.Debug|Any CPU.Build.0 = Debug|Any CPU
		{D6FF3CE2-36D8-4CC4-9B24-A99FF17DD842}.Release|Any CPU.ActiveCfg = Release|Any CPU
		{D6FF3CE2-36D8-4CC4-9B24-A99FF17DD842}.Release|Any CPU.Build.0 = Release|Any CPU
		{BFF5979D-80F9-493A-B3CF-53CD0FBFAEFD}.Debug|Any CPU.ActiveCfg = Debug|Any CPU
		{BFF5979D-80F9-493A-B3CF-53CD0FBFAEFD}.Debug|Any CPU.Build.0 = Debug|Any CPU
		{BFF5979D-80F9-493A-B3CF-53CD0FBFAEFD}.Release|Any CPU.ActiveCfg = Release|Any CPU
		{BFF5979D-80F9-493A-B3CF-53CD0FBFAEFD}.Release|Any CPU.Build.0 = Release|Any CPU
		{C1D5FB63-7179-44E9-A92E-9ED63F38F7BF}.Debug|Any CPU.ActiveCfg = Debug|Any CPU
		{C1D5FB63-7179-44E9-A92E-9ED63F38F7BF}.Debug|Any CPU.Build.0 = Debug|Any CPU
		{C1D5FB63-7179-44E9-A92E-9ED63F38F7BF}.Release|Any CPU.ActiveCfg = Release|Any CPU
		{C1D5FB63-7179-44E9-A92E-9ED63F38F7BF}.Release|Any CPU.Build.0 = Release|Any CPU
	EndGlobalSection
	GlobalSection(SolutionProperties) = preSolution
		HideSolutionNode = FALSE
	EndGlobalSection
	GlobalSection(NestedProjects) = preSolution
		{4A9D5EAE-864B-465B-A494-60677BCE6691} = {C1A3419C-7296-4A5A-9A56-D78BA79092BE}
		{057CE23D-D6C3-48A7-A35C-3A824A1D4564} = {1623C5E3-E0B5-46C9-9B99-01C82E1BF728}
		{D6FF3CE2-36D8-4CC4-9B24-A99FF17DD842} = {1623C5E3-E0B5-46C9-9B99-01C82E1BF728}
		{BFF5979D-80F9-493A-B3CF-53CD0FBFAEFD} = {DF75EC2A-CB51-4149-B423-89EBFC921C31}
		{C1A3419C-7296-4A5A-9A56-D78BA79092BE} = {198C6B58-2339-4251-8D62-2E21DA11FCEF}
		{1623C5E3-E0B5-46C9-9B99-01C82E1BF728} = {198C6B58-2339-4251-8D62-2E21DA11FCEF}
		{DF75EC2A-CB51-4149-B423-89EBFC921C31} = {198C6B58-2339-4251-8D62-2E21DA11FCEF}
		{C1D5FB63-7179-44E9-A92E-9ED63F38F7BF} = {DF75EC2A-CB51-4149-B423-89EBFC921C31}
	EndGlobalSection
EndGlobal
