
Microsoft Visual Studio Solution File, Format Version 12.00
# Visual Studio Version 17
VisualStudioVersion = 17.12.35527.113 d17.12
MinimumVisualStudioVersion = 10.0.40219.1
Project("{FAE04EC0-301F-11D3-BF4B-00C04F79EFBC}") = "assignment1", "assignment1.csproj", "{B7E0117D-CAD6-4595-983B-B32C7227FDFD}"
EndProject
Global
	GlobalSection(SolutionConfigurationPlatforms) = preSolution
		Debug|Any CPU = Debug|Any CPU
		Release|Any CPU = Release|Any CPU
	EndGlobalSection
	GlobalSection(ProjectConfigurationPlatforms) = postSolution
		{B7E0117D-CAD6-4595-983B-B32C7227FDFD}.Debug|Any CPU.ActiveCfg = Debug|Any CPU
		{B7E0117D-CAD6-4595-983B-B32C7227FDFD}.Debug|Any CPU.Build.0 = Debug|Any CPU
		{B7E0117D-CAD6-4595-983B-B32C7227FDFD}.Release|Any CPU.ActiveCfg = Release|Any CPU
		{B7E0117D-CAD6-4595-983B-B32C7227FDFD}.Release|Any CPU.Build.0 = Release|Any CPU
	EndGlobalSection
	GlobalSection(SolutionProperties) = preSolution
		HideSolutionNode = FALSE
	EndGlobalSection
EndGlobal
