
Microsoft Visual Studio Solution File, Format Version 12.00
# Visual Studio Version 17
VisualStudioVersion = 17.12.35527.113 d17.12
MinimumVisualStudioVersion = 10.0.40219.1
Project("{FAE04EC0-301F-11D3-BF4B-00C04F79EFBC}") = "asiignment4", "asiignment4.csproj", "{A3434B4C-AF97-4DF7-B402-049F22F38ACE}"
EndProject
Global
	GlobalSection(SolutionConfigurationPlatforms) = preSolution
		Debug|Any CPU = Debug|Any CPU
		Release|Any CPU = Release|Any CPU
	EndGlobalSection
	GlobalSection(ProjectConfigurationPlatforms) = postSolution
		{A3434B4C-AF97-4DF7-B402-049F22F38ACE}.Debug|Any CPU.ActiveCfg = Debug|Any CPU
		{A3434B4C-AF97-4DF7-B402-049F22F38ACE}.Debug|Any CPU.Build.0 = Debug|Any CPU
		{A3434B4C-AF97-4DF7-B402-049F22F38ACE}.Release|Any CPU.ActiveCfg = Release|Any CPU
		{A3434B4C-AF97-4DF7-B402-049F22F38ACE}.Release|Any CPU.Build.0 = Release|Any CPU
	EndGlobalSection
	GlobalSection(SolutionProperties) = preSolution
		HideSolutionNode = FALSE
	EndGlobalSection
EndGlobal
